// !$*UTF8*$!
{
	archiveVersion = 1;
	classes = {
	};
	objectVersion = 46;
	objects = {

/* Begin PBXBuildFile section */
		181EB64519221C7500CC6638 /* btn_back.png in Resources */ = {isa = PBXBuildFile; fileRef = 181EB64419221C7500CC6638 /* btn_back.png */; };
		181EB64B19221EA300CC6638 /* btn_back@2x.png in Resources */ = {isa = PBXBuildFile; fileRef = 181EB64A19221EA300CC6638 /* btn_back@2x.png */; };
		1823FE131921299B00E634F8 /* KhucXuan.m4r in Resources */ = {isa = PBXBuildFile; fileRef = 1823FE121921299B00E634F8 /* KhucXuan.m4r */; };
		1823FE171922067E00E634F8 /* TimeSelectorViewController.m in Sources */ = {isa = PBXBuildFile; fileRef = 1823FE151922067E00E634F8 /* TimeSelectorViewController.m */; };
		1823FE181922067E00E634F8 /* TimeSelectorViewController.xib in Resources */ = {isa = PBXBuildFile; fileRef = 1823FE161922067E00E634F8 /* TimeSelectorViewController.xib */; };
		188CC5EE191B79CD00DC303C /* Foundation.framework in Frameworks */ = {isa = PBXBuildFile; fileRef = 188CC5ED191B79CD00DC303C /* Foundation.framework */; };
		188CC5F0191B79CD00DC303C /* CoreGraphics.framework in Frameworks */ = {isa = PBXBuildFile; fileRef = 188CC5EF191B79CD00DC303C /* CoreGraphics.framework */; };
		188CC5F2191B79CD00DC303C /* UIKit.framework in Frameworks */ = {isa = PBXBuildFile; fileRef = 188CC5F1191B79CD00DC303C /* UIKit.framework */; };
		188CC5F8191B79CD00DC303C /* InfoPlist.strings in Resources */ = {isa = PBXBuildFile; fileRef = 188CC5F6191B79CD00DC303C /* InfoPlist.strings */; };
		188CC5FA191B79CE00DC303C /* main.m in Sources */ = {isa = PBXBuildFile; fileRef = 188CC5F9191B79CE00DC303C /* main.m */; };
		188CC5FE191B79CE00DC303C /* AppDelegate.m in Sources */ = {isa = PBXBuildFile; fileRef = 188CC5FD191B79CE00DC303C /* AppDelegate.m */; };
		188CC601191B79CE00DC303C /* Main.storyboard in Resources */ = {isa = PBXBuildFile; fileRef = 188CC5FF191B79CE00DC303C /* Main.storyboard */; };
		188CC606191B79CE00DC303C /* Images.xcassets in Resources */ = {isa = PBXBuildFile; fileRef = 188CC605191B79CE00DC303C /* Images.xcassets */; };
		188CC60D191B79CE00DC303C /* XCTest.framework in Frameworks */ = {isa = PBXBuildFile; fileRef = 188CC60C191B79CE00DC303C /* XCTest.framework */; };
		188CC60E191B79CE00DC303C /* Foundation.framework in Frameworks */ = {isa = PBXBuildFile; fileRef = 188CC5ED191B79CD00DC303C /* Foundation.framework */; };
		188CC60F191B79CE00DC303C /* UIKit.framework in Frameworks */ = {isa = PBXBuildFile; fileRef = 188CC5F1191B79CD00DC303C /* UIKit.framework */; };
		188CC617191B79CE00DC303C /* InfoPlist.strings in Resources */ = {isa = PBXBuildFile; fileRef = 188CC615191B79CE00DC303C /* InfoPlist.strings */; };
		188CC619191B79CE00DC303C /* wccalendarTests.m in Sources */ = {isa = PBXBuildFile; fileRef = 188CC618191B79CE00DC303C /* wccalendarTests.m */; };
		189447DE1921263D00214218 /* received1.caf.m4r in Resources */ = {isa = PBXBuildFile; fileRef = 189447DD1921263D00214218 /* received1.caf.m4r */; };
		18AFAEE219207B5F0074A69D /* CoreData.framework in Frameworks */ = {isa = PBXBuildFile; fileRef = 18AFAEE119207B5F0074A69D /* CoreData.framework */; };
		18AFAEE519207C060074A69D /* wccalendar.xcdatamodeld in Sources */ = {isa = PBXBuildFile; fileRef = 18AFAEE319207C060074A69D /* wccalendar.xcdatamodeld */; };
		18AFAEEE192082350074A69D /* AppViewController.m in Sources */ = {isa = PBXBuildFile; fileRef = 18AFAEED192082350074A69D /* AppViewController.m */; };
		18AFAEF51920827F0074A69D /* SupportFunction.m in Sources */ = {isa = PBXBuildFile; fileRef = 18AFAEF31920827F0074A69D /* SupportFunction.m */; };
		18AFAF15192084040074A69D /* CFNetwork.framework in Frameworks */ = {isa = PBXBuildFile; fileRef = 18AFAF14192084040074A69D /* CFNetwork.framework */; };
		18AFAF18192086830074A69D /* WebserviceManager.m in Sources */ = {isa = PBXBuildFile; fileRef = 18AFAF17192086830074A69D /* WebserviceManager.m */; };
		18AFAF2D192086940074A69D /* AFHTTPRequestOperation.m in Sources */ = {isa = PBXBuildFile; fileRef = 18AFAF1B192086940074A69D /* AFHTTPRequestOperation.m */; };
		18AFAF2E192086940074A69D /* AFHTTPRequestOperationManager.m in Sources */ = {isa = PBXBuildFile; fileRef = 18AFAF1D192086940074A69D /* AFHTTPRequestOperationManager.m */; };
		18AFAF2F192086940074A69D /* AFHTTPSessionManager.m in Sources */ = {isa = PBXBuildFile; fileRef = 18AFAF1F192086940074A69D /* AFHTTPSessionManager.m */; };
		18AFAF30192086940074A69D /* AFNetworkReachabilityManager.m in Sources */ = {isa = PBXBuildFile; fileRef = 18AFAF22192086940074A69D /* AFNetworkReachabilityManager.m */; };
		18AFAF31192086940074A69D /* AFSecurityPolicy.m in Sources */ = {isa = PBXBuildFile; fileRef = 18AFAF24192086940074A69D /* AFSecurityPolicy.m */; };
		18AFAF32192086940074A69D /* AFURLConnectionOperation.m in Sources */ = {isa = PBXBuildFile; fileRef = 18AFAF26192086940074A69D /* AFURLConnectionOperation.m */; };
		18AFAF33192086940074A69D /* AFURLRequestSerialization.m in Sources */ = {isa = PBXBuildFile; fileRef = 18AFAF28192086940074A69D /* AFURLRequestSerialization.m */; };
		18AFAF34192086940074A69D /* AFURLResponseSerialization.m in Sources */ = {isa = PBXBuildFile; fileRef = 18AFAF2A192086940074A69D /* AFURLResponseSerialization.m */; };
		18AFAF35192086940074A69D /* AFURLSessionManager.m in Sources */ = {isa = PBXBuildFile; fileRef = 18AFAF2C192086940074A69D /* AFURLSessionManager.m */; };
		18AFAF39192087B90074A69D /* MBProgressHUD.m in Sources */ = {isa = PBXBuildFile; fileRef = 18AFAF38192087B90074A69D /* MBProgressHUD.m */; };
		18AFAF401920A8870074A69D /* bra.png in Resources */ = {isa = PBXBuildFile; fileRef = 18AFAF3E1920A8870074A69D /* bra.png */; };
		18AFAF411920A8870074A69D /* cro.png in Resources */ = {isa = PBXBuildFile; fileRef = 18AFAF3F1920A8870074A69D /* cro.png */; };
		18AFAF451920B8DA0074A69D /* CommonHeaderView.m in Sources */ = {isa = PBXBuildFile; fileRef = 18AFAF441920B8DA0074A69D /* CommonHeaderView.m */; };
		18AFAF481920BE910074A69D /* MatchItem.m in Sources */ = {isa = PBXBuildFile; fileRef = 18AFAF471920BE910074A69D /* MatchItem.m */; };
		18AFAF4F192108E70074A69D /* TeamFilterViewController.m in Sources */ = {isa = PBXBuildFile; fileRef = 18AFAF4D192108E70074A69D /* TeamFilterViewController.m */; };
		18AFAF50192108E70074A69D /* TeamFilterViewController.xib in Resources */ = {isa = PBXBuildFile; fileRef = 18AFAF4E192108E70074A69D /* TeamFilterViewController.xib */; };
		18AFAF5319210DA00074A69D /* TeamModel.m in Sources */ = {isa = PBXBuildFile; fileRef = 18AFAF5219210DA00074A69D /* TeamModel.m */; };
		18AFAF5719210FAA0074A69D /* TeamTableCell.m in Sources */ = {isa = PBXBuildFile; fileRef = 18AFAF5619210FAA0074A69D /* TeamTableCell.m */; };
		18AFAF591921137F0074A69D /* home_icon_fillter@2x.png in Resources */ = {isa = PBXBuildFile; fileRef = 18AFAF581921137F0074A69D /* home_icon_fillter@2x.png */; };
		18AFAF5B192120D70074A69D /* AudioToolbox.framework in Frameworks */ = {isa = PBXBuildFile; fileRef = 18AFAF5A192120D70074A69D /* AudioToolbox.framework */; };
		18AFAF5E192123720074A69D /* We_Are_One.mp3 in Resources */ = {isa = PBXBuildFile; fileRef = 18AFAF5D192123720074A69D /* We_Are_One.mp3 */; };
		18EC2C5F191E1EC100117123 /* ViewController.m in Sources */ = {isa = PBXBuildFile; fileRef = 18EC2C5E191E1EC100117123 /* ViewController.m */; };
		18EC2C65191E203100117123 /* CommonTableViewCell.m in Sources */ = {isa = PBXBuildFile; fileRef = 18EC2C64191E203100117123 /* CommonTableViewCell.m */; };
		18EC2C6E191E20E900117123 /* MatchTableCell.m in Sources */ = {isa = PBXBuildFile; fileRef = 18EC2C6D191E20E900117123 /* MatchTableCell.m */; };
/* End PBXBuildFile section */

/* Begin PBXContainerItemProxy section */
		188CC610191B79CE00DC303C /* PBXContainerItemProxy */ = {
			isa = PBXContainerItemProxy;
			containerPortal = 188CC5E2191B79CD00DC303C /* Project object */;
			proxyType = 1;
			remoteGlobalIDString = 188CC5E9191B79CD00DC303C;
			remoteInfo = wccalendar;
		};
/* End PBXContainerItemProxy section */

/* Begin PBXFileReference section */
		181EB64419221C7500CC6638 /* btn_back.png */ = {isa = PBXFileReference; lastKnownFileType = image.png; path = btn_back.png; sourceTree = "<group>"; };
		181EB64A19221EA300CC6638 /* btn_back@2x.png */ = {isa = PBXFileReference; lastKnownFileType = image.png; path = "btn_back@2x.png"; sourceTree = "<group>"; };
		1823FE121921299B00E634F8 /* KhucXuan.m4r */ = {isa = PBXFileReference; lastKnownFileType = file; path = KhucXuan.m4r; sourceTree = "<group>"; };
		1823FE141922067E00E634F8 /* TimeSelectorViewController.h */ = {isa = PBXFileReference; fileEncoding = 4; lastKnownFileType = sourcecode.c.h; path = TimeSelectorViewController.h; sourceTree = "<group>"; };
		1823FE151922067E00E634F8 /* TimeSelectorViewController.m */ = {isa = PBXFileReference; fileEncoding = 4; lastKnownFileType = sourcecode.c.objc; path = TimeSelectorViewController.m; sourceTree = "<group>"; };
		1823FE161922067E00E634F8 /* TimeSelectorViewController.xib */ = {isa = PBXFileReference; fileEncoding = 4; lastKnownFileType = file.xib; path = TimeSelectorViewController.xib; sourceTree = "<group>"; };
		188CC5EA191B79CD00DC303C /* wccalendar.app */ = {isa = PBXFileReference; explicitFileType = wrapper.application; includeInIndex = 0; path = wccalendar.app; sourceTree = BUILT_PRODUCTS_DIR; };
		188CC5ED191B79CD00DC303C /* Foundation.framework */ = {isa = PBXFileReference; lastKnownFileType = wrapper.framework; name = Foundation.framework; path = System/Library/Frameworks/Foundation.framework; sourceTree = SDKROOT; };
		188CC5EF191B79CD00DC303C /* CoreGraphics.framework */ = {isa = PBXFileReference; lastKnownFileType = wrapper.framework; name = CoreGraphics.framework; path = System/Library/Frameworks/CoreGraphics.framework; sourceTree = SDKROOT; };
		188CC5F1191B79CD00DC303C /* UIKit.framework */ = {isa = PBXFileReference; lastKnownFileType = wrapper.framework; name = UIKit.framework; path = System/Library/Frameworks/UIKit.framework; sourceTree = SDKROOT; };
		188CC5F5191B79CD00DC303C /* wccalendar-Info.plist */ = {isa = PBXFileReference; lastKnownFileType = text.plist.xml; path = "wccalendar-Info.plist"; sourceTree = "<group>"; };
		188CC5F7191B79CD00DC303C /* en */ = {isa = PBXFileReference; lastKnownFileType = text.plist.strings; name = en; path = en.lproj/InfoPlist.strings; sourceTree = "<group>"; };
		188CC5F9191B79CE00DC303C /* main.m */ = {isa = PBXFileReference; lastKnownFileType = sourcecode.c.objc; path = main.m; sourceTree = "<group>"; };
		188CC5FB191B79CE00DC303C /* wccalendar-Prefix.pch */ = {isa = PBXFileReference; lastKnownFileType = sourcecode.c.h; path = "wccalendar-Prefix.pch"; sourceTree = "<group>"; };
		188CC5FC191B79CE00DC303C /* AppDelegate.h */ = {isa = PBXFileReference; lastKnownFileType = sourcecode.c.h; name = AppDelegate.h; path = ../../AppDelegate.h; sourceTree = "<group>"; };
		188CC5FD191B79CE00DC303C /* AppDelegate.m */ = {isa = PBXFileReference; lastKnownFileType = sourcecode.c.objc; name = AppDelegate.m; path = ../../AppDelegate.m; sourceTree = "<group>"; };
		188CC600191B79CE00DC303C /* Base */ = {isa = PBXFileReference; lastKnownFileType = file.storyboard; name = Base; path = Base.lproj/Main.storyboard; sourceTree = "<group>"; };
		188CC605191B79CE00DC303C /* Images.xcassets */ = {isa = PBXFileReference; lastKnownFileType = folder.assetcatalog; path = Images.xcassets; sourceTree = "<group>"; };
		188CC60B191B79CE00DC303C /* wccalendarTests.xctest */ = {isa = PBXFileReference; explicitFileType = wrapper.cfbundle; includeInIndex = 0; path = wccalendarTests.xctest; sourceTree = BUILT_PRODUCTS_DIR; };
		188CC60C191B79CE00DC303C /* XCTest.framework */ = {isa = PBXFileReference; lastKnownFileType = wrapper.framework; name = XCTest.framework; path = Library/Frameworks/XCTest.framework; sourceTree = DEVELOPER_DIR; };
		188CC614191B79CE00DC303C /* wccalendarTests-Info.plist */ = {isa = PBXFileReference; lastKnownFileType = text.plist.xml; path = "wccalendarTests-Info.plist"; sourceTree = "<group>"; };
		188CC616191B79CE00DC303C /* en */ = {isa = PBXFileReference; lastKnownFileType = text.plist.strings; name = en; path = en.lproj/InfoPlist.strings; sourceTree = "<group>"; };
		188CC618191B79CE00DC303C /* wccalendarTests.m */ = {isa = PBXFileReference; lastKnownFileType = sourcecode.c.objc; path = wccalendarTests.m; sourceTree = "<group>"; };
		189447DD1921263D00214218 /* received1.caf.m4r */ = {isa = PBXFileReference; lastKnownFileType = file; path = received1.caf.m4r; sourceTree = "<group>"; };
		18AFAEE119207B5F0074A69D /* CoreData.framework */ = {isa = PBXFileReference; lastKnownFileType = wrapper.framework; name = CoreData.framework; path = System/Library/Frameworks/CoreData.framework; sourceTree = SDKROOT; };
		18AFAEE419207C060074A69D /* wccalendar.xcdatamodel */ = {isa = PBXFileReference; lastKnownFileType = wrapper.xcdatamodel; path = wccalendar.xcdatamodel; sourceTree = "<group>"; };
		18AFAEEC192082350074A69D /* AppViewController.h */ = {isa = PBXFileReference; fileEncoding = 4; lastKnownFileType = sourcecode.c.h; path = AppViewController.h; sourceTree = "<group>"; };
		18AFAEED192082350074A69D /* AppViewController.m */ = {isa = PBXFileReference; fileEncoding = 4; lastKnownFileType = sourcecode.c.objc; path = AppViewController.m; sourceTree = "<group>"; };
		18AFAEF11920827F0074A69D /* Define.h */ = {isa = PBXFileReference; fileEncoding = 4; lastKnownFileType = sourcecode.c.h; path = Define.h; sourceTree = "<group>"; };
		18AFAEF21920827F0074A69D /* SupportFunction.h */ = {isa = PBXFileReference; fileEncoding = 4; lastKnownFileType = sourcecode.c.h; path = SupportFunction.h; sourceTree = "<group>"; };
		18AFAEF31920827F0074A69D /* SupportFunction.m */ = {isa = PBXFileReference; fileEncoding = 4; lastKnownFileType = sourcecode.c.objc; path = SupportFunction.m; sourceTree = "<group>"; };
		18AFAF14192084040074A69D /* CFNetwork.framework */ = {isa = PBXFileReference; lastKnownFileType = wrapper.framework; name = CFNetwork.framework; path = System/Library/Frameworks/CFNetwork.framework; sourceTree = SDKROOT; };
		18AFAF16192086830074A69D /* WebserviceManager.h */ = {isa = PBXFileReference; fileEncoding = 4; lastKnownFileType = sourcecode.c.h; path = WebserviceManager.h; sourceTree = "<group>"; };
		18AFAF17192086830074A69D /* WebserviceManager.m */ = {isa = PBXFileReference; fileEncoding = 4; lastKnownFileType = sourcecode.c.objc; path = WebserviceManager.m; sourceTree = "<group>"; };
		18AFAF1A192086940074A69D /* AFHTTPRequestOperation.h */ = {isa = PBXFileReference; fileEncoding = 4; lastKnownFileType = sourcecode.c.h; path = AFHTTPRequestOperation.h; sourceTree = "<group>"; };
		18AFAF1B192086940074A69D /* AFHTTPRequestOperation.m */ = {isa = PBXFileReference; fileEncoding = 4; lastKnownFileType = sourcecode.c.objc; path = AFHTTPRequestOperation.m; sourceTree = "<group>"; };
		18AFAF1C192086940074A69D /* AFHTTPRequestOperationManager.h */ = {isa = PBXFileReference; fileEncoding = 4; lastKnownFileType = sourcecode.c.h; path = AFHTTPRequestOperationManager.h; sourceTree = "<group>"; };
		18AFAF1D192086940074A69D /* AFHTTPRequestOperationManager.m */ = {isa = PBXFileReference; fileEncoding = 4; lastKnownFileType = sourcecode.c.objc; path = AFHTTPRequestOperationManager.m; sourceTree = "<group>"; };
		18AFAF1E192086940074A69D /* AFHTTPSessionManager.h */ = {isa = PBXFileReference; fileEncoding = 4; lastKnownFileType = sourcecode.c.h; path = AFHTTPSessionManager.h; sourceTree = "<group>"; };
		18AFAF1F192086940074A69D /* AFHTTPSessionManager.m */ = {isa = PBXFileReference; fileEncoding = 4; lastKnownFileType = sourcecode.c.objc; path = AFHTTPSessionManager.m; sourceTree = "<group>"; };
		18AFAF20192086940074A69D /* AFNetworking.h */ = {isa = PBXFileReference; fileEncoding = 4; lastKnownFileType = sourcecode.c.h; path = AFNetworking.h; sourceTree = "<group>"; };
		18AFAF21192086940074A69D /* AFNetworkReachabilityManager.h */ = {isa = PBXFileReference; fileEncoding = 4; lastKnownFileType = sourcecode.c.h; path = AFNetworkReachabilityManager.h; sourceTree = "<group>"; };
		18AFAF22192086940074A69D /* AFNetworkReachabilityManager.m */ = {isa = PBXFileReference; fileEncoding = 4; lastKnownFileType = sourcecode.c.objc; path = AFNetworkReachabilityManager.m; sourceTree = "<group>"; };
		18AFAF23192086940074A69D /* AFSecurityPolicy.h */ = {isa = PBXFileReference; fileEncoding = 4; lastKnownFileType = sourcecode.c.h; path = AFSecurityPolicy.h; sourceTree = "<group>"; };
		18AFAF24192086940074A69D /* AFSecurityPolicy.m */ = {isa = PBXFileReference; fileEncoding = 4; lastKnownFileType = sourcecode.c.objc; path = AFSecurityPolicy.m; sourceTree = "<group>"; };
		18AFAF25192086940074A69D /* AFURLConnectionOperation.h */ = {isa = PBXFileReference; fileEncoding = 4; lastKnownFileType = sourcecode.c.h; path = AFURLConnectionOperation.h; sourceTree = "<group>"; };
		18AFAF26192086940074A69D /* AFURLConnectionOperation.m */ = {isa = PBXFileReference; fileEncoding = 4; lastKnownFileType = sourcecode.c.objc; path = AFURLConnectionOperation.m; sourceTree = "<group>"; };
		18AFAF27192086940074A69D /* AFURLRequestSerialization.h */ = {isa = PBXFileReference; fileEncoding = 4; lastKnownFileType = sourcecode.c.h; path = AFURLRequestSerialization.h; sourceTree = "<group>"; };
		18AFAF28192086940074A69D /* AFURLRequestSerialization.m */ = {isa = PBXFileReference; fileEncoding = 4; lastKnownFileType = sourcecode.c.objc; path = AFURLRequestSerialization.m; sourceTree = "<group>"; };
		18AFAF29192086940074A69D /* AFURLResponseSerialization.h */ = {isa = PBXFileReference; fileEncoding = 4; lastKnownFileType = sourcecode.c.h; path = AFURLResponseSerialization.h; sourceTree = "<group>"; };
		18AFAF2A192086940074A69D /* AFURLResponseSerialization.m */ = {isa = PBXFileReference; fileEncoding = 4; lastKnownFileType = sourcecode.c.objc; path = AFURLResponseSerialization.m; sourceTree = "<group>"; };
		18AFAF2B192086940074A69D /* AFURLSessionManager.h */ = {isa = PBXFileReference; fileEncoding = 4; lastKnownFileType = sourcecode.c.h; path = AFURLSessionManager.h; sourceTree = "<group>"; };
		18AFAF2C192086940074A69D /* AFURLSessionManager.m */ = {isa = PBXFileReference; fileEncoding = 4; lastKnownFileType = sourcecode.c.objc; path = AFURLSessionManager.m; sourceTree = "<group>"; };
		18AFAF37192087B90074A69D /* MBProgressHUD.h */ = {isa = PBXFileReference; fileEncoding = 4; lastKnownFileType = sourcecode.c.h; path = MBProgressHUD.h; sourceTree = "<group>"; };
		18AFAF38192087B90074A69D /* MBProgressHUD.m */ = {isa = PBXFileReference; fileEncoding = 4; lastKnownFileType = sourcecode.c.objc; path = MBProgressHUD.m; sourceTree = "<group>"; };
		18AFAF3E1920A8870074A69D /* bra.png */ = {isa = PBXFileReference; lastKnownFileType = image.png; path = bra.png; sourceTree = "<group>"; };
		18AFAF3F1920A8870074A69D /* cro.png */ = {isa = PBXFileReference; lastKnownFileType = image.png; path = cro.png; sourceTree = "<group>"; };
		18AFAF431920B8DA0074A69D /* CommonHeaderView.h */ = {isa = PBXFileReference; fileEncoding = 4; lastKnownFileType = sourcecode.c.h; path = CommonHeaderView.h; sourceTree = "<group>"; };
		18AFAF441920B8DA0074A69D /* CommonHeaderView.m */ = {isa = PBXFileReference; fileEncoding = 4; lastKnownFileType = sourcecode.c.objc; path = CommonHeaderView.m; sourceTree = "<group>"; };
		18AFAF461920BE910074A69D /* MatchItem.h */ = {isa = PBXFileReference; fileEncoding = 4; lastKnownFileType = sourcecode.c.h; path = MatchItem.h; sourceTree = "<group>"; };
		18AFAF471920BE910074A69D /* MatchItem.m */ = {isa = PBXFileReference; fileEncoding = 4; lastKnownFileType = sourcecode.c.objc; path = MatchItem.m; sourceTree = "<group>"; };
		18AFAF4C192108E70074A69D /* TeamFilterViewController.h */ = {isa = PBXFileReference; fileEncoding = 4; lastKnownFileType = sourcecode.c.h; path = TeamFilterViewController.h; sourceTree = "<group>"; };
		18AFAF4D192108E70074A69D /* TeamFilterViewController.m */ = {isa = PBXFileReference; fileEncoding = 4; lastKnownFileType = sourcecode.c.objc; path = TeamFilterViewController.m; sourceTree = "<group>"; };
		18AFAF4E192108E70074A69D /* TeamFilterViewController.xib */ = {isa = PBXFileReference; fileEncoding = 4; lastKnownFileType = file.xib; path = TeamFilterViewController.xib; sourceTree = "<group>"; };
		18AFAF5119210DA00074A69D /* TeamModel.h */ = {isa = PBXFileReference; fileEncoding = 4; lastKnownFileType = sourcecode.c.h; path = TeamModel.h; sourceTree = "<group>"; };
		18AFAF5219210DA00074A69D /* TeamModel.m */ = {isa = PBXFileReference; fileEncoding = 4; lastKnownFileType = sourcecode.c.objc; path = TeamModel.m; sourceTree = "<group>"; };
		18AFAF5519210FAA0074A69D /* TeamTableCell.h */ = {isa = PBXFileReference; fileEncoding = 4; lastKnownFileType = sourcecode.c.h; path = TeamTableCell.h; sourceTree = "<group>"; };
		18AFAF5619210FAA0074A69D /* TeamTableCell.m */ = {isa = PBXFileReference; fileEncoding = 4; lastKnownFileType = sourcecode.c.objc; path = TeamTableCell.m; sourceTree = "<group>"; };
		18AFAF581921137F0074A69D /* home_icon_fillter@2x.png */ = {isa = PBXFileReference; lastKnownFileType = image.png; path = "home_icon_fillter@2x.png"; sourceTree = "<group>"; };
		18AFAF5A192120D70074A69D /* AudioToolbox.framework */ = {isa = PBXFileReference; lastKnownFileType = wrapper.framework; name = AudioToolbox.framework; path = System/Library/Frameworks/AudioToolbox.framework; sourceTree = SDKROOT; };
		18AFAF5D192123720074A69D /* We_Are_One.mp3 */ = {isa = PBXFileReference; lastKnownFileType = audio.mp3; path = We_Are_One.mp3; sourceTree = "<group>"; };
		18AFAF5F192125740074A69D /* wccalendar.entitlements */ = {isa = PBXFileReference; lastKnownFileType = text.xml; path = wccalendar.entitlements; sourceTree = "<group>"; };
		18EC2C5D191E1EC100117123 /* ViewController.h */ = {isa = PBXFileReference; fileEncoding = 4; lastKnownFileType = sourcecode.c.h; path = ViewController.h; sourceTree = "<group>"; };
		18EC2C5E191E1EC100117123 /* ViewController.m */ = {isa = PBXFileReference; fileEncoding = 4; lastKnownFileType = sourcecode.c.objc; path = ViewController.m; sourceTree = "<group>"; };
		18EC2C63191E203100117123 /* CommonTableViewCell.h */ = {isa = PBXFileReference; fileEncoding = 4; lastKnownFileType = sourcecode.c.h; path = CommonTableViewCell.h; sourceTree = "<group>"; };
		18EC2C64191E203100117123 /* CommonTableViewCell.m */ = {isa = PBXFileReference; fileEncoding = 4; lastKnownFileType = sourcecode.c.objc; path = CommonTableViewCell.m; sourceTree = "<group>"; };
		18EC2C6C191E20E900117123 /* MatchTableCell.h */ = {isa = PBXFileReference; fileEncoding = 4; lastKnownFileType = sourcecode.c.h; path = MatchTableCell.h; sourceTree = "<group>"; };
		18EC2C6D191E20E900117123 /* MatchTableCell.m */ = {isa = PBXFileReference; fileEncoding = 4; lastKnownFileType = sourcecode.c.objc; path = MatchTableCell.m; sourceTree = "<group>"; };
/* End PBXFileReference section */

/* Begin PBXFrameworksBuildPhase section */
		188CC5E7191B79CD00DC303C /* Frameworks */ = {
			isa = PBXFrameworksBuildPhase;
			buildActionMask = 2147483647;
			files = (
				18AFAF5B192120D70074A69D /* AudioToolbox.framework in Frameworks */,
				18AFAF15192084040074A69D /* CFNetwork.framework in Frameworks */,
				18AFAEE219207B5F0074A69D /* CoreData.framework in Frameworks */,
				188CC5F0191B79CD00DC303C /* CoreGraphics.framework in Frameworks */,
				188CC5F2191B79CD00DC303C /* UIKit.framework in Frameworks */,
				188CC5EE191B79CD00DC303C /* Foundation.framework in Frameworks */,
			);
			runOnlyForDeploymentPostprocessing = 0;
		};
		188CC608191B79CE00DC303C /* Frameworks */ = {
			isa = PBXFrameworksBuildPhase;
			buildActionMask = 2147483647;
			files = (
				188CC60D191B79CE00DC303C /* XCTest.framework in Frameworks */,
				188CC60F191B79CE00DC303C /* UIKit.framework in Frameworks */,
				188CC60E191B79CE00DC303C /* Foundation.framework in Frameworks */,
			);
			runOnlyForDeploymentPostprocessing = 0;
		};
/* End PBXFrameworksBuildPhase section */

/* Begin PBXGroup section */
		188CC5E1191B79CD00DC303C = {
			isa = PBXGroup;
			children = (
				188CC5F3191B79CD00DC303C /* wccalendar */,
				188CC612191B79CE00DC303C /* wccalendarTests */,
				188CC5EC191B79CD00DC303C /* Frameworks */,
				188CC5EB191B79CD00DC303C /* Products */,
			);
			sourceTree = "<group>";
		};
		188CC5EB191B79CD00DC303C /* Products */ = {
			isa = PBXGroup;
			children = (
				188CC5EA191B79CD00DC303C /* wccalendar.app */,
				188CC60B191B79CE00DC303C /* wccalendarTests.xctest */,
			);
			name = Products;
			sourceTree = "<group>";
		};
		188CC5EC191B79CD00DC303C /* Frameworks */ = {
			isa = PBXGroup;
			children = (
				18AFAF5A192120D70074A69D /* AudioToolbox.framework */,
				18AFAF14192084040074A69D /* CFNetwork.framework */,
				18AFAEE119207B5F0074A69D /* CoreData.framework */,
				188CC5ED191B79CD00DC303C /* Foundation.framework */,
				188CC5EF191B79CD00DC303C /* CoreGraphics.framework */,
				188CC5F1191B79CD00DC303C /* UIKit.framework */,
				188CC60C191B79CE00DC303C /* XCTest.framework */,
			);
			name = Frameworks;
			sourceTree = "<group>";
		};
		188CC5F3191B79CD00DC303C /* wccalendar */ = {
			isa = PBXGroup;
			children = (
				18AFAF5F192125740074A69D /* wccalendar.entitlements */,
				18EC2C54191E1E5100117123 /* 01_SOURCE */,
				18EC2C59191E1E5100117123 /* 02_LIBS */,
				18EC2C5A191E1E5100117123 /* 03_RESOURCES */,
				188CC5FF191B79CE00DC303C /* Main.storyboard */,
				188CC605191B79CE00DC303C /* Images.xcassets */,
				188CC5F4191B79CD00DC303C /* Supporting Files */,
			);
			path = wccalendar;
			sourceTree = "<group>";
		};
		188CC5F4191B79CD00DC303C /* Supporting Files */ = {
			isa = PBXGroup;
			children = (
				188CC5F5191B79CD00DC303C /* wccalendar-Info.plist */,
				188CC5F6191B79CD00DC303C /* InfoPlist.strings */,
				188CC5F9191B79CE00DC303C /* main.m */,
				188CC5FB191B79CE00DC303C /* wccalendar-Prefix.pch */,
			);
			name = "Supporting Files";
			sourceTree = "<group>";
		};
		188CC612191B79CE00DC303C /* wccalendarTests */ = {
			isa = PBXGroup;
			children = (
				188CC618191B79CE00DC303C /* wccalendarTests.m */,
				188CC613191B79CE00DC303C /* Supporting Files */,
			);
			path = wccalendarTests;
			sourceTree = "<group>";
		};
		188CC613191B79CE00DC303C /* Supporting Files */ = {
			isa = PBXGroup;
			children = (
				188CC614191B79CE00DC303C /* wccalendarTests-Info.plist */,
				188CC615191B79CE00DC303C /* InfoPlist.strings */,
			);
			name = "Supporting Files";
			sourceTree = "<group>";
		};
		18AFAF19192086940074A69D /* AFNetworking */ = {
			isa = PBXGroup;
			children = (
				18AFAF1A192086940074A69D /* AFHTTPRequestOperation.h */,
				18AFAF1B192086940074A69D /* AFHTTPRequestOperation.m */,
				18AFAF1C192086940074A69D /* AFHTTPRequestOperationManager.h */,
				18AFAF1D192086940074A69D /* AFHTTPRequestOperationManager.m */,
				18AFAF1E192086940074A69D /* AFHTTPSessionManager.h */,
				18AFAF1F192086940074A69D /* AFHTTPSessionManager.m */,
				18AFAF20192086940074A69D /* AFNetworking.h */,
				18AFAF21192086940074A69D /* AFNetworkReachabilityManager.h */,
				18AFAF22192086940074A69D /* AFNetworkReachabilityManager.m */,
				18AFAF23192086940074A69D /* AFSecurityPolicy.h */,
				18AFAF24192086940074A69D /* AFSecurityPolicy.m */,
				18AFAF25192086940074A69D /* AFURLConnectionOperation.h */,
				18AFAF26192086940074A69D /* AFURLConnectionOperation.m */,
				18AFAF27192086940074A69D /* AFURLRequestSerialization.h */,
				18AFAF28192086940074A69D /* AFURLRequestSerialization.m */,
				18AFAF29192086940074A69D /* AFURLResponseSerialization.h */,
				18AFAF2A192086940074A69D /* AFURLResponseSerialization.m */,
				18AFAF2B192086940074A69D /* AFURLSessionManager.h */,
				18AFAF2C192086940074A69D /* AFURLSessionManager.m */,
			);
			path = AFNetworking;
			sourceTree = "<group>";
		};
		18AFAF36192087B90074A69D /* MBProgressHUD */ = {
			isa = PBXGroup;
			children = (
				18AFAF37192087B90074A69D /* MBProgressHUD.h */,
				18AFAF38192087B90074A69D /* MBProgressHUD.m */,
			);
			path = MBProgressHUD;
			sourceTree = "<group>";
		};
		18AFAF3D1920A8870074A69D /* team_flags */ = {
			isa = PBXGroup;
			children = (
				18AFAF3E1920A8870074A69D /* bra.png */,
				18AFAF3F1920A8870074A69D /* cro.png */,
			);
			path = team_flags;
			sourceTree = "<group>";
		};
		18AFAF421920B8D90074A69D /* CommonHeader */ = {
			isa = PBXGroup;
			children = (
				18AFAF431920B8DA0074A69D /* CommonHeaderView.h */,
				18AFAF441920B8DA0074A69D /* CommonHeaderView.m */,
			);
			path = CommonHeader;
			sourceTree = "<group>";
		};
		18AFAF5419210F910074A69D /* TeamTable */ = {
			isa = PBXGroup;
			children = (
				18AFAF5519210FAA0074A69D /* TeamTableCell.h */,
				18AFAF5619210FAA0074A69D /* TeamTableCell.m */,
			);
			path = TeamTable;
			sourceTree = "<group>";
		};
		18AFAF5C192123720074A69D /* sounds */ = {
			isa = PBXGroup;
			children = (
				1823FE121921299B00E634F8 /* KhucXuan.m4r */,
				189447DD1921263D00214218 /* received1.caf.m4r */,
				18AFAF5D192123720074A69D /* We_Are_One.mp3 */,
			);
			path = sounds;
			sourceTree = "<group>";
		};
		18EC2C54191E1E5100117123 /* 01_SOURCE */ = {
			isa = PBXGroup;
			children = (
				18EC2C5B191E1E8100117123 /* 00_Common */,
				18EC2C55191E1E5100117123 /* 01_ViewControllers */,
				18EC2C61191E200400117123 /* 02_Views */,
				18EC2C57191E1E5100117123 /* 03_Models */,
				18EC2C58191E1E5100117123 /* 04_Supports */,
			);
			path = 01_SOURCE;
			sourceTree = "<group>";
		};
		18EC2C55191E1E5100117123 /* 01_ViewControllers */ = {
			isa = PBXGroup;
			children = (
				18EC2C5C191E1EA300117123 /* 01_Main */,
			);
			path = 01_ViewControllers;
			sourceTree = "<group>";
		};
		18EC2C57191E1E5100117123 /* 03_Models */ = {
			isa = PBXGroup;
			children = (
				18AFAF461920BE910074A69D /* MatchItem.h */,
				18AFAF471920BE910074A69D /* MatchItem.m */,
				18AFAEE319207C060074A69D /* wccalendar.xcdatamodeld */,
				18AFAF5119210DA00074A69D /* TeamModel.h */,
				18AFAF5219210DA00074A69D /* TeamModel.m */,
			);
			path = 03_Models;
			sourceTree = "<group>";
		};
		18EC2C58191E1E5100117123 /* 04_Supports */ = {
			isa = PBXGroup;
			children = (
				18AFAF16192086830074A69D /* WebserviceManager.h */,
				18AFAF17192086830074A69D /* WebserviceManager.m */,
				18AFAEF11920827F0074A69D /* Define.h */,
				18AFAEF21920827F0074A69D /* SupportFunction.h */,
				18AFAEF31920827F0074A69D /* SupportFunction.m */,
			);
			path = 04_Supports;
			sourceTree = "<group>";
		};
		18EC2C59191E1E5100117123 /* 02_LIBS */ = {
			isa = PBXGroup;
			children = (
				18AFAF36192087B90074A69D /* MBProgressHUD */,
				18AFAF19192086940074A69D /* AFNetworking */,
			);
			path = 02_LIBS;
			sourceTree = "<group>";
		};
		18EC2C5A191E1E5100117123 /* 03_RESOURCES */ = {
			isa = PBXGroup;
			children = (
				181EB64A19221EA300CC6638 /* btn_back@2x.png */,
				181EB64419221C7500CC6638 /* btn_back.png */,
				18AFAF5C192123720074A69D /* sounds */,
				18AFAF581921137F0074A69D /* home_icon_fillter@2x.png */,
				18AFAF3D1920A8870074A69D /* team_flags */,
			);
			path = 03_RESOURCES;
			sourceTree = "<group>";
		};
		18EC2C5B191E1E8100117123 /* 00_Common */ = {
			isa = PBXGroup;
			children = (
				18AFAEEC192082350074A69D /* AppViewController.h */,
				18AFAEED192082350074A69D /* AppViewController.m */,
				188CC5FC191B79CE00DC303C /* AppDelegate.h */,
				188CC5FD191B79CE00DC303C /* AppDelegate.m */,
			);
			path = 00_Common;
			sourceTree = "<group>";
		};
		18EC2C5C191E1EA300117123 /* 01_Main */ = {
			isa = PBXGroup;
			children = (
				18EC2C5D191E1EC100117123 /* ViewController.h */,
				18EC2C5E191E1EC100117123 /* ViewController.m */,
				18AFAF4C192108E70074A69D /* TeamFilterViewController.h */,
				18AFAF4D192108E70074A69D /* TeamFilterViewController.m */,
				18AFAF4E192108E70074A69D /* TeamFilterViewController.xib */,
				1823FE141922067E00E634F8 /* TimeSelectorViewController.h */,
				1823FE151922067E00E634F8 /* TimeSelectorViewController.m */,
				1823FE161922067E00E634F8 /* TimeSelectorViewController.xib */,
			);
			path = 01_Main;
			sourceTree = "<group>";
		};
		18EC2C61191E200400117123 /* 02_Views */ = {
			isa = PBXGroup;
			children = (
				18AFAF421920B8D90074A69D /* CommonHeader */,
				18EC2C62191E203100117123 /* Main */,
			);
			path = 02_Views;
			sourceTree = "<group>";
		};
		18EC2C62191E203100117123 /* Main */ = {
			isa = PBXGroup;
			children = (
				18AFAF5419210F910074A69D /* TeamTable */,
				18EC2C66191E20B100117123 /* MatchTable */,
				18EC2C63191E203100117123 /* CommonTableViewCell.h */,
				18EC2C64191E203100117123 /* CommonTableViewCell.m */,
			);
			path = Main;
			sourceTree = "<group>";
		};
		18EC2C66191E20B100117123 /* MatchTable */ = {
			isa = PBXGroup;
			children = (
				18EC2C67191E20B100117123 /* Cells */,
			);
			path = MatchTable;
			sourceTree = "<group>";
		};
		18EC2C67191E20B100117123 /* Cells */ = {
			isa = PBXGroup;
			children = (
				18EC2C6C191E20E900117123 /* MatchTableCell.h */,
				18EC2C6D191E20E900117123 /* MatchTableCell.m */,
			);
			path = Cells;
			sourceTree = "<group>";
		};
/* End PBXGroup section */

/* Begin PBXNativeTarget section */
		188CC5E9191B79CD00DC303C /* wccalendar */ = {
			isa = PBXNativeTarget;
			buildConfigurationList = 188CC61C191B79CE00DC303C /* Build configuration list for PBXNativeTarget "wccalendar" */;
			buildPhases = (
				188CC5E6191B79CD00DC303C /* Sources */,
				188CC5E7191B79CD00DC303C /* Frameworks */,
				188CC5E8191B79CD00DC303C /* Resources */,
			);
			buildRules = (
			);
			dependencies = (
			);
			name = wccalendar;
			productName = wccalendar;
			productReference = 188CC5EA191B79CD00DC303C /* wccalendar.app */;
			productType = "com.apple.product-type.application";
		};
		188CC60A191B79CE00DC303C /* wccalendarTests */ = {
			isa = PBXNativeTarget;
			buildConfigurationList = 188CC61F191B79CE00DC303C /* Build configuration list for PBXNativeTarget "wccalendarTests" */;
			buildPhases = (
				188CC607191B79CE00DC303C /* Sources */,
				188CC608191B79CE00DC303C /* Frameworks */,
				188CC609191B79CE00DC303C /* Resources */,
			);
			buildRules = (
			);
			dependencies = (
				188CC611191B79CE00DC303C /* PBXTargetDependency */,
			);
			name = wccalendarTests;
			productName = wccalendarTests;
			productReference = 188CC60B191B79CE00DC303C /* wccalendarTests.xctest */;
			productType = "com.apple.product-type.bundle.unit-test";
		};
/* End PBXNativeTarget section */

/* Begin PBXProject section */
		188CC5E2191B79CD00DC303C /* Project object */ = {
			isa = PBXProject;
			attributes = {
				LastUpgradeCheck = 0510;
				ORGANIZATIONNAME = "Tai Truong";
				TargetAttributes = {
					188CC5E9191B79CD00DC303C = {
						SystemCapabilities = {
							com.apple.BackgroundModes = {
								enabled = 0;
							};
							com.apple.InterAppAudio = {
								enabled = 1;
							};
						};
					};
					188CC60A191B79CE00DC303C = {
						TestTargetID = 188CC5E9191B79CD00DC303C;
					};
				};
			};
			buildConfigurationList = 188CC5E5191B79CD00DC303C /* Build configuration list for PBXProject "wccalendar" */;
			compatibilityVersion = "Xcode 3.2";
			developmentRegion = English;
			hasScannedForEncodings = 0;
			knownRegions = (
				en,
				Base,
			);
			mainGroup = 188CC5E1191B79CD00DC303C;
			productRefGroup = 188CC5EB191B79CD00DC303C /* Products */;
			projectDirPath = "";
			projectRoot = "";
			targets = (
				188CC5E9191B79CD00DC303C /* wccalendar */,
				188CC60A191B79CE00DC303C /* wccalendarTests */,
			);
		};
/* End PBXProject section */

/* Begin PBXResourcesBuildPhase section */
		188CC5E8191B79CD00DC303C /* Resources */ = {
			isa = PBXResourcesBuildPhase;
			buildActionMask = 2147483647;
			files = (
				181EB64B19221EA300CC6638 /* btn_back@2x.png in Resources */,
				189447DE1921263D00214218 /* received1.caf.m4r in Resources */,
				188CC606191B79CE00DC303C /* Images.xcassets in Resources */,
				18AFAF591921137F0074A69D /* home_icon_fillter@2x.png in Resources */,
				18AFAF411920A8870074A69D /* cro.png in Resources */,
				188CC5F8191B79CD00DC303C /* InfoPlist.strings in Resources */,
				18AFAF5E192123720074A69D /* We_Are_One.mp3 in Resources */,
				18AFAF50192108E70074A69D /* TeamFilterViewController.xib in Resources */,
				188CC601191B79CE00DC303C /* Main.storyboard in Resources */,
				18AFAF401920A8870074A69D /* bra.png in Resources */,
				1823FE181922067E00E634F8 /* TimeSelectorViewController.xib in Resources */,
				1823FE131921299B00E634F8 /* KhucXuan.m4r in Resources */,
				181EB64519221C7500CC6638 /* btn_back.png in Resources */,
			);
			runOnlyForDeploymentPostprocessing = 0;
		};
		188CC609191B79CE00DC303C /* Resources */ = {
			isa = PBXResourcesBuildPhase;
			buildActionMask = 2147483647;
			files = (
				188CC617191B79CE00DC303C /* InfoPlist.strings in Resources */,
			);
			runOnlyForDeploymentPostprocessing = 0;
		};
/* End PBXResourcesBuildPhase section */

/* Begin PBXSourcesBuildPhase section */
		188CC5E6191B79CD00DC303C /* Sources */ = {
			isa = PBXSourcesBuildPhase;
			buildActionMask = 2147483647;
			files = (
				18AFAF2D192086940074A69D /* AFHTTPRequestOperation.m in Sources */,
				18AFAEEE192082350074A69D /* AppViewController.m in Sources */,
				18AFAF481920BE910074A69D /* MatchItem.m in Sources */,
				18AFAF35192086940074A69D /* AFURLSessionManager.m in Sources */,
				18AFAF4F192108E70074A69D /* TeamFilterViewController.m in Sources */,
				18EC2C65191E203100117123 /* CommonTableViewCell.m in Sources */,
				18AFAF32192086940074A69D /* AFURLConnectionOperation.m in Sources */,
				1823FE171922067E00E634F8 /* TimeSelectorViewController.m in Sources */,
				18AFAF2E192086940074A69D /* AFHTTPRequestOperationManager.m in Sources */,
				18AFAF30192086940074A69D /* AFNetworkReachabilityManager.m in Sources */,
				18AFAF18192086830074A69D /* WebserviceManager.m in Sources */,
				18AFAF451920B8DA0074A69D /* CommonHeaderView.m in Sources */,
				18EC2C5F191E1EC100117123 /* ViewController.m in Sources */,
				18AFAF31192086940074A69D /* AFSecurityPolicy.m in Sources */,
				188CC5FE191B79CE00DC303C /* AppDelegate.m in Sources */,
				18AFAF33192086940074A69D /* AFURLRequestSerialization.m in Sources */,
				18AFAF5319210DA00074A69D /* TeamModel.m in Sources */,
				18AFAEE519207C060074A69D /* wccalendar.xcdatamodeld in Sources */,
				18AFAF5719210FAA0074A69D /* TeamTableCell.m in Sources */,
				18AFAF39192087B90074A69D /* MBProgressHUD.m in Sources */,
				18AFAF34192086940074A69D /* AFURLResponseSerialization.m in Sources */,
				18EC2C6E191E20E900117123 /* MatchTableCell.m in Sources */,
				18AFAF2F192086940074A69D /* AFHTTPSessionManager.m in Sources */,
				188CC5FA191B79CE00DC303C /* main.m in Sources */,
				18AFAEF51920827F0074A69D /* SupportFunction.m in Sources */,
			);
			runOnlyForDeploymentPostprocessing = 0;
		};
		188CC607191B79CE00DC303C /* Sources */ = {
			isa = PBXSourcesBuildPhase;
			buildActionMask = 2147483647;
			files = (
				188CC619191B79CE00DC303C /* wccalendarTests.m in Sources */,
			);
			runOnlyForDeploymentPostprocessing = 0;
		};
/* End PBXSourcesBuildPhase section */

/* Begin PBXTargetDependency section */
		188CC611191B79CE00DC303C /* PBXTargetDependency */ = {
			isa = PBXTargetDependency;
			target = 188CC5E9191B79CD00DC303C /* wccalendar */;
			targetProxy = 188CC610191B79CE00DC303C /* PBXContainerItemProxy */;
		};
/* End PBXTargetDependency section */

/* Begin PBXVariantGroup section */
		188CC5F6191B79CD00DC303C /* InfoPlist.strings */ = {
			isa = PBXVariantGroup;
			children = (
				188CC5F7191B79CD00DC303C /* en */,
			);
			name = InfoPlist.strings;
			sourceTree = "<group>";
		};
		188CC5FF191B79CE00DC303C /* Main.storyboard */ = {
			isa = PBXVariantGroup;
			children = (
				188CC600191B79CE00DC303C /* Base */,
			);
			name = Main.storyboard;
			sourceTree = "<group>";
		};
		188CC615191B79CE00DC303C /* InfoPlist.strings */ = {
			isa = PBXVariantGroup;
			children = (
				188CC616191B79CE00DC303C /* en */,
			);
			name = InfoPlist.strings;
			sourceTree = "<group>";
		};
/* End PBXVariantGroup section */

/* Begin XCBuildConfiguration section */
		188CC61A191B79CE00DC303C /* Debug */ = {
			isa = XCBuildConfiguration;
			buildSettings = {
				ALWAYS_SEARCH_USER_PATHS = NO;
				CLANG_CXX_LANGUAGE_STANDARD = "gnu++0x";
				CLANG_CXX_LIBRARY = "libc++";
				CLANG_ENABLE_MODULES = YES;
				CLANG_ENABLE_OBJC_ARC = YES;
				CLANG_WARN_BOOL_CONVERSION = YES;
				CLANG_WARN_CONSTANT_CONVERSION = YES;
				CLANG_WARN_DIRECT_OBJC_ISA_USAGE = YES_ERROR;
				CLANG_WARN_EMPTY_BODY = YES;
				CLANG_WARN_ENUM_CONVERSION = YES;
				CLANG_WARN_INT_CONVERSION = YES;
				CLANG_WARN_OBJC_ROOT_CLASS = YES_ERROR;
				CLANG_WARN__DUPLICATE_METHOD_MATCH = YES;
				"CODE_SIGN_IDENTITY[sdk=iphoneos*]" = "iPhone Developer";
				COPY_PHASE_STRIP = NO;
				GCC_C_LANGUAGE_STANDARD = gnu99;
				GCC_DYNAMIC_NO_PIC = NO;
				GCC_OPTIMIZATION_LEVEL = 0;
				GCC_PREPROCESSOR_DEFINITIONS = (
					"DEBUG=1",
					"$(inherited)",
				);
				GCC_SYMBOLS_PRIVATE_EXTERN = NO;
				GCC_WARN_64_TO_32_BIT_CONVERSION = YES;
				GCC_WARN_ABOUT_RETURN_TYPE = YES_ERROR;
				GCC_WARN_UNDECLARED_SELECTOR = YES;
				GCC_WARN_UNINITIALIZED_AUTOS = YES_AGGRESSIVE;
				GCC_WARN_UNUSED_FUNCTION = YES;
				GCC_WARN_UNUSED_VARIABLE = YES;
				IPHONEOS_DEPLOYMENT_TARGET = 7.0;
				ONLY_ACTIVE_ARCH = YES;
				SDKROOT = iphoneos;
			};
			name = Debug;
		};
		188CC61B191B79CE00DC303C /* Release */ = {
			isa = XCBuildConfiguration;
			buildSettings = {
				ALWAYS_SEARCH_USER_PATHS = NO;
				CLANG_CXX_LANGUAGE_STANDARD = "gnu++0x";
				CLANG_CXX_LIBRARY = "libc++";
				CLANG_ENABLE_MODULES = YES;
				CLANG_ENABLE_OBJC_ARC = YES;
				CLANG_WARN_BOOL_CONVERSION = YES;
				CLANG_WARN_CONSTANT_CONVERSION = YES;
				CLANG_WARN_DIRECT_OBJC_ISA_USAGE = YES_ERROR;
				CLANG_WARN_EMPTY_BODY = YES;
				CLANG_WARN_ENUM_CONVERSION = YES;
				CLANG_WARN_INT_CONVERSION = YES;
				CLANG_WARN_OBJC_ROOT_CLASS = YES_ERROR;
				CLANG_WARN__DUPLICATE_METHOD_MATCH = YES;
				"CODE_SIGN_IDENTITY[sdk=iphoneos*]" = "iPhone Developer";
				COPY_PHASE_STRIP = YES;
				ENABLE_NS_ASSERTIONS = NO;
				GCC_C_LANGUAGE_STANDARD = gnu99;
				GCC_WARN_64_TO_32_BIT_CONVERSION = YES;
				GCC_WARN_ABOUT_RETURN_TYPE = YES_ERROR;
				GCC_WARN_UNDECLARED_SELECTOR = YES;
				GCC_WARN_UNINITIALIZED_AUTOS = YES_AGGRESSIVE;
				GCC_WARN_UNUSED_FUNCTION = YES;
				GCC_WARN_UNUSED_VARIABLE = YES;
				IPHONEOS_DEPLOYMENT_TARGET = 7.0;
				SDKROOT = iphoneos;
				VALIDATE_PRODUCT = YES;
			};
			name = Release;
		};
		188CC61D191B79CE00DC303C /* Debug */ = {
			isa = XCBuildConfiguration;
			buildSettings = {
				ASSETCATALOG_COMPILER_APPICON_NAME = AppIcon;
				ASSETCATALOG_COMPILER_LAUNCHIMAGE_NAME = LaunchImage;
				CODE_SIGN_ENTITLEMENTS = wccalendar/wccalendar.entitlements;
				CODE_SIGN_IDENTITY = "iPhone Developer";
				"CODE_SIGN_IDENTITY[sdk=iphoneos*]" = "iPhone Developer: Kenneth Lipscomb (EGDHMM643Z)";
				GCC_PRECOMPILE_PREFIX_HEADER = YES;
				GCC_PREFIX_HEADER = "wccalendar/wccalendar-Prefix.pch";
				INFOPLIST_FILE = "wccalendar/wccalendar-Info.plist";
				PRODUCT_NAME = "$(TARGET_NAME)";
				PROVISIONING_PROFILE = "D0F1D51E-0B9E-4DC7-BB3C-6283A6ABAB4D";
				WRAPPER_EXTENSION = app;
			};
			name = Debug;
		};
		188CC61E191B79CE00DC303C /* Release */ = {
			isa = XCBuildConfiguration;
			buildSettings = {
				ASSETCATALOG_COMPILER_APPICON_NAME = AppIcon;
				ASSETCATALOG_COMPILER_LAUNCHIMAGE_NAME = LaunchImage;
				CODE_SIGN_ENTITLEMENTS = wccalendar/wccalendar.entitlements;
				CODE_SIGN_IDENTITY = "iPhone Developer";
				"CODE_SIGN_IDENTITY[sdk=iphoneos*]" = "iPhone Developer";
				GCC_PRECOMPILE_PREFIX_HEADER = YES;
				GCC_PREFIX_HEADER = "wccalendar/wccalendar-Prefix.pch";
				INFOPLIST_FILE = "wccalendar/wccalendar-Info.plist";
				PRODUCT_NAME = "$(TARGET_NAME)";
				PROVISIONING_PROFILE = "D0F1D51E-0B9E-4DC7-BB3C-6283A6ABAB4D";
				WRAPPER_EXTENSION = app;
			};
			name = Release;
		};
		188CC620191B79CE00DC303C /* Debug */ = {
			isa = XCBuildConfiguration;
			buildSettings = {
				BUNDLE_LOADER = "$(BUILT_PRODUCTS_DIR)/wccalendar.app/wccalendar";
				FRAMEWORK_SEARCH_PATHS = (
					"$(SDKROOT)/Developer/Library/Frameworks",
					"$(inherited)",
					"$(DEVELOPER_FRAMEWORKS_DIR)",
				);
				GCC_PRECOMPILE_PREFIX_HEADER = YES;
				GCC_PREFIX_HEADER = "wccalendar/wccalendar-Prefix.pch";
				GCC_PREPROCESSOR_DEFINITIONS = (
					"DEBUG=1",
					"$(inherited)",
				);
				INFOPLIST_FILE = "wccalendarTests/wccalendarTests-Info.plist";
				PRODUCT_NAME = "$(TARGET_NAME)";
				TEST_HOST = "$(BUNDLE_LOADER)";
				WRAPPER_EXTENSION = xctest;
			};
			name = Debug;
		};
		188CC621191B79CE00DC303C /* Release */ = {
			isa = XCBuildConfiguration;
			buildSettings = {
				BUNDLE_LOADER = "$(BUILT_PRODUCTS_DIR)/wccalendar.app/wccalendar";
				FRAMEWORK_SEARCH_PATHS = (
					"$(SDKROOT)/Developer/Library/Frameworks",
					"$(inherited)",
					"$(DEVELOPER_FRAMEWORKS_DIR)",
				);
				GCC_PRECOMPILE_PREFIX_HEADER = YES;
				GCC_PREFIX_HEADER = "wccalendar/wccalendar-Prefix.pch";
				INFOPLIST_FILE = "wccalendarTests/wccalendarTests-Info.plist";
				PRODUCT_NAME = "$(TARGET_NAME)";
				TEST_HOST = "$(BUNDLE_LOADER)";
				WRAPPER_EXTENSION = xctest;
			};
			name = Release;
		};
/* End XCBuildConfiguration section */

/* Begin XCConfigurationList section */
		188CC5E5191B79CD00DC303C /* Build configuration list for PBXProject "wccalendar" */ = {
			isa = XCConfigurationList;
			buildConfigurations = (
				188CC61A191B79CE00DC303C /* Debug */,
				188CC61B191B79CE00DC303C /* Release */,
			);
			defaultConfigurationIsVisible = 0;
			defaultConfigurationName = Release;
		};
		188CC61C191B79CE00DC303C /* Build configuration list for PBXNativeTarget "wccalendar" */ = {
			isa = XCConfigurationList;
			buildConfigurations = (
				188CC61D191B79CE00DC303C /* Debug */,
				188CC61E191B79CE00DC303C /* Release */,
			);
			defaultConfigurationIsVisible = 0;
			defaultConfigurationName = Release;
		};
		188CC61F191B79CE00DC303C /* Build configuration list for PBXNativeTarget "wccalendarTests" */ = {
			isa = XCConfigurationList;
			buildConfigurations = (
				188CC620191B79CE00DC303C /* Debug */,
				188CC621191B79CE00DC303C /* Release */,
			);
			defaultConfigurationIsVisible = 0;
			defaultConfigurationName = Release;
		};
/* End XCConfigurationList section */

/* Begin XCVersionGroup section */
		18AFAEE319207C060074A69D /* wccalendar.xcdatamodeld */ = {
			isa = XCVersionGroup;
			children = (
				18AFAEE419207C060074A69D /* wccalendar.xcdatamodel */,
			);
			currentVersion = 18AFAEE419207C060074A69D /* wccalendar.xcdatamodel */;
			path = wccalendar.xcdatamodeld;
			sourceTree = "<group>";
			versionGroupType = wrapper.xcdatamodel;
		};
/* End XCVersionGroup section */
	};
	rootObject = 188CC5E2191B79CD00DC303C /* Project object */;
}
